
Microsoft Visual Studio Solution File, Format Version 12.00
# Visual Studio Version 17
VisualStudioVersion = 17.2.32630.192
MinimumVisualStudioVersion = 10.0.40219.1
Project("{9A19103F-16F7-4668-BE54-9A1E7A4F7556}") = "R5T.S0076", "R5T.S0076\R5T.S0076.csproj", "{235EFCD2-DCD2-4C2A-8054-F3FC5DCE19C4}"
EndProject
Project("{2150E333-8FDC-42A3-9474-1A3956D46DE8}") = "_Dependencies", "_Dependencies", "{1DF5BFF7-FF41-4454-A58C-43A26D6DE155}"
EndProject
Project("{9A19103F-16F7-4668-BE54-9A1E7A4F7556}") = "R5T.O0019", "..\..\R5T.O0019\source\R5T.O0019\R5T.O0019.csproj", "{EE3CCD1A-F376-4014-B8AF-EB474E153FF9}"
EndProject
Project("{9A19103F-16F7-4668-BE54-9A1E7A4F7556}") = "R5T.F0000", "..\..\R5T.F0000\source\R5T.F0000\R5T.F0000.csproj", "{2358CCDC-6495-4ACB-833B-5733EB8C2170}"
EndProject
Project("{9A19103F-16F7-4668-BE54-9A1E7A4F7556}") = "R5T.F0002", "..\..\R5T.F0002\source\R5T.F0002\R5T.F0002.csproj", "{7DA89F2B-3FA0-499D-B0D8-F2C618CFE4C7}"
EndProject
Project("{9A19103F-16F7-4668-BE54-9A1E7A4F7556}") = "R5T.F0120", "..\..\R5T.F0120\source\R5T.F0120\R5T.F0120.csproj", "{7D805398-9814-4703-B2F1-AFF6C87C78D1}"
EndProject
Project("{9A19103F-16F7-4668-BE54-9A1E7A4F7556}") = "R5T.F0124", "..\..\R5T.F0124\source\R5T.F0124\R5T.F0124.csproj", "{E9978C2B-4419-4B43-8AC3-11F1B2D48022}"
EndProject
Project("{9A19103F-16F7-4668-BE54-9A1E7A4F7556}") = "R5T.F0125", "..\..\R5T.F0125\source\R5T.F0125\R5T.F0125.csproj", "{0CD390A9-8EEE-4ED2-A195-6A2248DD9F50}"
EndProject
Project("{9A19103F-16F7-4668-BE54-9A1E7A4F7556}") = "R5T.L0030.T000", "..\..\R5T.L0030\source\R5T.L0030.T000\R5T.L0030.T000.csproj", "{574DE7BF-15D3-46C7-BA90-7DAF8BE3521C}"
EndProject
Project("{9A19103F-16F7-4668-BE54-9A1E7A4F7556}") = "R5T.L0030", "..\..\R5T.L0030\source\R5T.L0030\R5T.L0030.csproj", "{FA5E53F9-7D7D-4D6B-BCB6-9BE42AEA14A0}"
EndProject
Project("{9A19103F-16F7-4668-BE54-9A1E7A4F7556}") = "R5T.L0034", "..\..\R5T.L0034\source\R5T.L0034\R5T.L0034.csproj", "{D4A980B3-1365-46A3-A501-D3DEEC86C451}"
EndProject
Project("{9A19103F-16F7-4668-BE54-9A1E7A4F7556}") = "R5T.L0035", "..\..\R5T.L0035\source\R5T.L0035\R5T.L0035.csproj", "{C2DB511F-04CE-42D8-B4B9-AF4B7D6ABFAB}"
EndProject
Project("{9A19103F-16F7-4668-BE54-9A1E7A4F7556}") = "R5T.NG0019", "..\..\R5T.NG0019\source\R5T.NG0019\R5T.NG0019.csproj", "{CD063CFC-973F-4F01-953E-77CB8ABC5161}"
EndProject
Project("{9A19103F-16F7-4668-BE54-9A1E7A4F7556}") = "R5T.T0131", "..\..\R5T.T0131\source\R5T.T0131\R5T.T0131.csproj", "{43886522-9FDD-4C7C-8780-5131761EDF99}"
EndProject
Project("{9A19103F-16F7-4668-BE54-9A1E7A4F7556}") = "R5T.T0132", "..\..\R5T.T0132\source\R5T.T0132\R5T.T0132.csproj", "{E1955B2D-6127-48BC-A866-F3C1662869A7}"
EndProject
Project("{9A19103F-16F7-4668-BE54-9A1E7A4F7556}") = "R5T.T0142", "..\..\R5T.T0142\source\R5T.T0142\R5T.T0142.csproj", "{DAB34E4E-DCF3-4F9F-9041-04B1C737A7CE}"
EndProject
Project("{9A19103F-16F7-4668-BE54-9A1E7A4F7556}") = "R5T.T0143", "..\..\R5T.T0143\source\R5T.T0143\R5T.T0143.csproj", "{7D3CC362-3405-495F-85FE-2DD8DE763A30}"
EndProject
Project("{9A19103F-16F7-4668-BE54-9A1E7A4F7556}") = "R5T.T0156", "..\..\R5T.T0156\source\R5T.T0156\R5T.T0156.csproj", "{A1D22BD7-4FF9-416F-B243-853D4B1D8FC2}"
EndProject
Project("{9A19103F-16F7-4668-BE54-9A1E7A4F7556}") = "R5T.T0174", "..\..\R5T.T0174\source\R5T.T0174\R5T.T0174.csproj", "{9F2F9FA6-7732-405A-A819-4DCC3CFBCD78}"
EndProject
Project("{9A19103F-16F7-4668-BE54-9A1E7A4F7556}") = "R5T.T0176", "..\..\R5T.T0176\source\R5T.T0176\R5T.T0176.csproj", "{906773B7-F287-4CD9-B50B-444CDC018A42}"
EndProject
Project("{9A19103F-16F7-4668-BE54-9A1E7A4F7556}") = "R5T.T0177", "..\..\R5T.T0177\source\R5T.T0177\R5T.T0177.csproj", "{0B96C4A2-2767-405D-B63D-6770ED97B392}"
EndProject
Project("{9A19103F-16F7-4668-BE54-9A1E7A4F7556}") = "R5T.T0178", "..\..\R5T.T0178\source\R5T.T0178\R5T.T0178.csproj", "{DB954496-4593-4AD4-ACF3-CBCB69B58AE3}"
EndProject
Project("{9A19103F-16F7-4668-BE54-9A1E7A4F7556}") = "R5T.T0179", "..\..\R5T.T0179\source\R5T.T0179\R5T.T0179.csproj", "{45E93006-EFFA-4A7C-8280-A0E79BDC5F3A}"
EndProject
Project("{9A19103F-16F7-4668-BE54-9A1E7A4F7556}") = "R5T.T0180", "..\..\R5T.T0180\source\R5T.T0180\R5T.T0180.csproj", "{D1FF5582-5123-4DB8-9233-21F905BCB45F}"
EndProject
Project("{9A19103F-16F7-4668-BE54-9A1E7A4F7556}") = "R5T.T0181", "..\..\R5T.T0181\source\R5T.T0181\R5T.T0181.csproj", "{43F8AEB1-A52E-474B-A7B9-232EBE6B141C}"
EndProject
Project("{9A19103F-16F7-4668-BE54-9A1E7A4F7556}") = "R5T.T0185", "..\..\R5T.T0185\source\R5T.T0185\R5T.T0185.csproj", "{C6E2519E-0ED2-48B8-BB81-D3E067C1DF48}"
EndProject
Project("{9A19103F-16F7-4668-BE54-9A1E7A4F7556}") = "R5T.T0203", "..\..\R5T.T0203\source\R5T.T0203\R5T.T0203.csproj", "{7C93531B-215E-4067-BF11-C50E463B963B}"
EndProject
Project("{9A19103F-16F7-4668-BE54-9A1E7A4F7556}") = "R5T.Y0000", "..\..\R5T.Y0000\source\R5T.Y0000\R5T.Y0000.csproj", "{FFDE7145-2137-42F7-B0BE-86A25BFC0408}"
EndProject
Project("{9A19103F-16F7-4668-BE54-9A1E7A4F7556}") = "R5T.Z0000", "..\..\R5T.Z0000\source\R5T.Z0000\R5T.Z0000.csproj", "{2C6DF548-A103-46CC-8AE4-741426C0397E}"
EndProject
Project("{9A19103F-16F7-4668-BE54-9A1E7A4F7556}") = "R5T.F0059", "..\..\R5T.F0059\source\R5T.F0059\R5T.F0059.csproj", "{40EAAC23-C04B-4AAC-95C0-45395DA67B52}"
EndProject
Project("{9A19103F-16F7-4668-BE54-9A1E7A4F7556}") = "R5T.L0053", "..\..\R5T.L0053\source\R5T.L0053\R5T.L0053.csproj", "{BBDCFAFC-D31B-4832-9882-B7B85AE7A84B}"
EndProject
Project("{9A19103F-16F7-4668-BE54-9A1E7A4F7556}") = "R5T.L0056", "..\..\R5T.L0056\source\R5T.L0056\R5T.L0056.csproj", "{C8A124A5-140C-41BB-9CF4-2CB78857D725}"
EndProject
Project("{9A19103F-16F7-4668-BE54-9A1E7A4F7556}") = "R5T.L0066", "..\..\R5T.L0066\source\R5T.L0066\R5T.L0066.csproj", "{4A199A00-226D-41CF-A75F-372AE3D55C66}"
EndProject
Project("{9A19103F-16F7-4668-BE54-9A1E7A4F7556}") = "R5T.L0071", "..\..\R5T.L0071\source\R5T.L0071\R5T.L0071.csproj", "{611ECF87-809E-4681-A5CD-8BC25D621ACC}"
EndProject
Project("{9A19103F-16F7-4668-BE54-9A1E7A4F7556}") = "R5T.NG0006", "..\..\R5T.NG0006\source\R5T.NG0006\R5T.NG0006.csproj", "{780F2E98-912A-4BE9-AC3D-EE6432A3E9CB}"
EndProject
Project("{9A19103F-16F7-4668-BE54-9A1E7A4F7556}") = "R5T.NG0022", "..\..\R5T.NG0022\source\R5T.NG0022\R5T.NG0022.csproj", "{35E389FA-7026-4C00-B157-86A89E93228B}"
EndProject
Project("{9A19103F-16F7-4668-BE54-9A1E7A4F7556}") = "R5T.T0150", "..\..\R5T.T0150\source\R5T.T0150\R5T.T0150.csproj", "{BB6E4157-09B0-475A-B9E3-1320DD548E51}"
EndProject
Project("{9A19103F-16F7-4668-BE54-9A1E7A4F7556}") = "R5T.T0151", "..\..\R5T.T0151\source\R5T.T0151\R5T.T0151.csproj", "{AB895B29-01F8-4830-9E6C-B76E17908048}"
EndProject
Project("{9A19103F-16F7-4668-BE54-9A1E7A4F7556}") = "R5T.T0158", "..\..\R5T.T0158\source\R5T.T0158\R5T.T0158.csproj", "{F92CAA70-F7D2-4C8E-8868-1809AD0D5CD1}"
EndProject
Project("{9A19103F-16F7-4668-BE54-9A1E7A4F7556}") = "R5T.T0159", "..\..\R5T.T0159\source\R5T.T0159\R5T.T0159.csproj", "{741CB0FC-C9A4-4253-A772-5D5764CFED9F}"
EndProject
Project("{9A19103F-16F7-4668-BE54-9A1E7A4F7556}") = "R5T.T0172", "..\..\R5T.T0172\source\R5T.T0172\R5T.T0172.csproj", "{3668722E-9657-4769-8965-24E14E23D0D3}"
EndProject
Project("{9A19103F-16F7-4668-BE54-9A1E7A4F7556}") = "R5T.T0199.T000", "..\..\R5T.T0199\source\R5T.T0199.T000\R5T.T0199.T000.csproj", "{15BFD136-0207-47F4-BED1-432CFEFF4356}"
EndProject
Project("{9A19103F-16F7-4668-BE54-9A1E7A4F7556}") = "R5T.T0199.T001", "..\..\R5T.T0199\source\R5T.T0199.T001\R5T.T0199.T001.csproj", "{E8FB31B4-0643-43F2-AE18-9626B70B2E4C}"
EndProject
Project("{9A19103F-16F7-4668-BE54-9A1E7A4F7556}") = "R5T.T0199", "..\..\R5T.T0199\source\R5T.T0199\R5T.T0199.csproj", "{05802A48-12C8-43B4-AF3B-C3C16BF0E494}"
EndProject
Project("{9A19103F-16F7-4668-BE54-9A1E7A4F7556}") = "R5T.T0213", "..\..\R5T.T0213\source\R5T.T0213\R5T.T0213.csproj", "{0FE8987B-A074-4333-B7F2-19D9C1BC44D7}"
EndProject
Project("{9A19103F-16F7-4668-BE54-9A1E7A4F7556}") = "R5T.T0218", "..\..\R5T.T0218\source\R5T.T0218\R5T.T0218.csproj", "{C3458801-C09A-4E0E-8193-2970565504D0}"
EndProject
Project("{9A19103F-16F7-4668-BE54-9A1E7A4F7556}") = "R5T.T0219", "..\..\R5T.T0219\source\R5T.T0219\R5T.T0219.csproj", "{32E830F7-E6B6-4EBE-8D64-A0D799E9BF4A}"
EndProject
Project("{9A19103F-16F7-4668-BE54-9A1E7A4F7556}") = "R5T.T0220", "..\..\R5T.T0220\source\R5T.T0220\R5T.T0220.csproj", "{33D5AB7C-89FF-4091-8457-BC408860E9A8}"
EndProject
Project("{9A19103F-16F7-4668-BE54-9A1E7A4F7556}") = "R5T.T0221", "..\..\R5T.T0221\source\R5T.T0221\R5T.T0221.csproj", "{062E63D9-DF77-406F-962C-7C2D0FD222F2}"
EndProject
Project("{9A19103F-16F7-4668-BE54-9A1E7A4F7556}") = "R5T.T0227", "..\..\R5T.T0227\source\R5T.T0227\R5T.T0227.csproj", "{AD54D006-BB27-42B2-A4AA-B50A0F4E7F49}"
EndProject
Project("{9A19103F-16F7-4668-BE54-9A1E7A4F7556}") = "R5T.Y0006", "..\..\R5T.Y0006\source\R5T.Y0006\R5T.Y0006.csproj", "{9D1A35DF-12AE-40B0-B8F7-91C5023D6BEA}"
EndProject
Project("{9A19103F-16F7-4668-BE54-9A1E7A4F7556}") = "R5T.Z0010.Platform", "..\..\R5T.Z0010\source\R5T.Z0010.Platform\R5T.Z0010.Platform.csproj", "{B90955D5-745F-47D7-83BD-FA4F28012973}"
EndProject
Project("{9A19103F-16F7-4668-BE54-9A1E7A4F7556}") = "R5T.Z0010", "..\..\R5T.Z0010\source\R5T.Z0010\R5T.Z0010.csproj", "{166326E8-8F98-47AB-A050-DFC0469451E8}"
EndProject
Project("{9A19103F-16F7-4668-BE54-9A1E7A4F7556}") = "R5T.Z0057.Platform", "..\..\R5T.Z0057\source\R5T.Z0057.Platform\R5T.Z0057.Platform.csproj", "{9B71EBB6-0A77-465F-8D30-F5B921978D27}"
EndProject
Project("{9A19103F-16F7-4668-BE54-9A1E7A4F7556}") = "R5T.Z0057", "..\..\R5T.Z0057\source\R5T.Z0057\R5T.Z0057.csproj", "{B6909D1D-5D1A-4DC2-826E-E7C6A922199F}"
EndProject
Project("{9A19103F-16F7-4668-BE54-9A1E7A4F7556}") = "R5T.Z0058", "..\..\R5T.Z0058\source\R5T.Z0058\R5T.Z0058.csproj", "{65B975C8-EA96-419D-B549-44314AA6A27F}"
EndProject
Global
	GlobalSection(NestedProjects) = preSolution
		{EE3CCD1A-F376-4014-B8AF-EB474E153FF9} = {1DF5BFF7-FF41-4454-A58C-43A26D6DE155}
		{2358CCDC-6495-4ACB-833B-5733EB8C2170} = {1DF5BFF7-FF41-4454-A58C-43A26D6DE155}
		{7DA89F2B-3FA0-499D-B0D8-F2C618CFE4C7} = {1DF5BFF7-FF41-4454-A58C-43A26D6DE155}
		{7D805398-9814-4703-B2F1-AFF6C87C78D1} = {1DF5BFF7-FF41-4454-A58C-43A26D6DE155}
		{E9978C2B-4419-4B43-8AC3-11F1B2D48022} = {1DF5BFF7-FF41-4454-A58C-43A26D6DE155}
		{0CD390A9-8EEE-4ED2-A195-6A2248DD9F50} = {1DF5BFF7-FF41-4454-A58C-43A26D6DE155}
		{574DE7BF-15D3-46C7-BA90-7DAF8BE3521C} = {1DF5BFF7-FF41-4454-A58C-43A26D6DE155}
		{FA5E53F9-7D7D-4D6B-BCB6-9BE42AEA14A0} = {1DF5BFF7-FF41-4454-A58C-43A26D6DE155}
		{D4A980B3-1365-46A3-A501-D3DEEC86C451} = {1DF5BFF7-FF41-4454-A58C-43A26D6DE155}
		{C2DB511F-04CE-42D8-B4B9-AF4B7D6ABFAB} = {1DF5BFF7-FF41-4454-A58C-43A26D6DE155}
		{CD063CFC-973F-4F01-953E-77CB8ABC5161} = {1DF5BFF7-FF41-4454-A58C-43A26D6DE155}
		{43886522-9FDD-4C7C-8780-5131761EDF99} = {1DF5BFF7-FF41-4454-A58C-43A26D6DE155}
		{E1955B2D-6127-48BC-A866-F3C1662869A7} = {1DF5BFF7-FF41-4454-A58C-43A26D6DE155}
		{DAB34E4E-DCF3-4F9F-9041-04B1C737A7CE} = {1DF5BFF7-FF41-4454-A58C-43A26D6DE155}
		{7D3CC362-3405-495F-85FE-2DD8DE763A30} = {1DF5BFF7-FF41-4454-A58C-43A26D6DE155}
		{A1D22BD7-4FF9-416F-B243-853D4B1D8FC2} = {1DF5BFF7-FF41-4454-A58C-43A26D6DE155}
		{9F2F9FA6-7732-405A-A819-4DCC3CFBCD78} = {1DF5BFF7-FF41-4454-A58C-43A26D6DE155}
		{906773B7-F287-4CD9-B50B-444CDC018A42} = {1DF5BFF7-FF41-4454-A58C-43A26D6DE155}
		{0B96C4A2-2767-405D-B63D-6770ED97B392} = {1DF5BFF7-FF41-4454-A58C-43A26D6DE155}
		{DB954496-4593-4AD4-ACF3-CBCB69B58AE3} = {1DF5BFF7-FF41-4454-A58C-43A26D6DE155}
		{45E93006-EFFA-4A7C-8280-A0E79BDC5F3A} = {1DF5BFF7-FF41-4454-A58C-43A26D6DE155}
		{D1FF5582-5123-4DB8-9233-21F905BCB45F} = {1DF5BFF7-FF41-4454-A58C-43A26D6DE155}
		{43F8AEB1-A52E-474B-A7B9-232EBE6B141C} = {1DF5BFF7-FF41-4454-A58C-43A26D6DE155}
		{C6E2519E-0ED2-48B8-BB81-D3E067C1DF48} = {1DF5BFF7-FF41-4454-A58C-43A26D6DE155}
		{7C93531B-215E-4067-BF11-C50E463B963B} = {1DF5BFF7-FF41-4454-A58C-43A26D6DE155}
		{FFDE7145-2137-42F7-B0BE-86A25BFC0408} = {1DF5BFF7-FF41-4454-A58C-43A26D6DE155}
		{2C6DF548-A103-46CC-8AE4-741426C0397E} = {1DF5BFF7-FF41-4454-A58C-43A26D6DE155}
		{40EAAC23-C04B-4AAC-95C0-45395DA67B52} = {1DF5BFF7-FF41-4454-A58C-43A26D6DE155}
		{BBDCFAFC-D31B-4832-9882-B7B85AE7A84B} = {1DF5BFF7-FF41-4454-A58C-43A26D6DE155}
		{C8A124A5-140C-41BB-9CF4-2CB78857D725} = {1DF5BFF7-FF41-4454-A58C-43A26D6DE155}
		{4A199A00-226D-41CF-A75F-372AE3D55C66} = {1DF5BFF7-FF41-4454-A58C-43A26D6DE155}
		{611ECF87-809E-4681-A5CD-8BC25D621ACC} = {1DF5BFF7-FF41-4454-A58C-43A26D6DE155}
		{780F2E98-912A-4BE9-AC3D-EE6432A3E9CB} = {1DF5BFF7-FF41-4454-A58C-43A26D6DE155}
		{35E389FA-7026-4C00-B157-86A89E93228B} = {1DF5BFF7-FF41-4454-A58C-43A26D6DE155}
		{BB6E4157-09B0-475A-B9E3-1320DD548E51} = {1DF5BFF7-FF41-4454-A58C-43A26D6DE155}
		{AB895B29-01F8-4830-9E6C-B76E17908048} = {1DF5BFF7-FF41-4454-A58C-43A26D6DE155}
		{F92CAA70-F7D2-4C8E-8868-1809AD0D5CD1} = {1DF5BFF7-FF41-4454-A58C-43A26D6DE155}
		{741CB0FC-C9A4-4253-A772-5D5764CFED9F} = {1DF5BFF7-FF41-4454-A58C-43A26D6DE155}
		{3668722E-9657-4769-8965-24E14E23D0D3} = {1DF5BFF7-FF41-4454-A58C-43A26D6DE155}
		{15BFD136-0207-47F4-BED1-432CFEFF4356} = {1DF5BFF7-FF41-4454-A58C-43A26D6DE155}
		{E8FB31B4-0643-43F2-AE18-9626B70B2E4C} = {1DF5BFF7-FF41-4454-A58C-43A26D6DE155}
		{05802A48-12C8-43B4-AF3B-C3C16BF0E494} = {1DF5BFF7-FF41-4454-A58C-43A26D6DE155}
		{0FE8987B-A074-4333-B7F2-19D9C1BC44D7} = {1DF5BFF7-FF41-4454-A58C-43A26D6DE155}
		{C3458801-C09A-4E0E-8193-2970565504D0} = {1DF5BFF7-FF41-4454-A58C-43A26D6DE155}
		{32E830F7-E6B6-4EBE-8D64-A0D799E9BF4A} = {1DF5BFF7-FF41-4454-A58C-43A26D6DE155}
		{33D5AB7C-89FF-4091-8457-BC408860E9A8} = {1DF5BFF7-FF41-4454-A58C-43A26D6DE155}
		{062E63D9-DF77-406F-962C-7C2D0FD222F2} = {1DF5BFF7-FF41-4454-A58C-43A26D6DE155}
		{AD54D006-BB27-42B2-A4AA-B50A0F4E7F49} = {1DF5BFF7-FF41-4454-A58C-43A26D6DE155}
		{9D1A35DF-12AE-40B0-B8F7-91C5023D6BEA} = {1DF5BFF7-FF41-4454-A58C-43A26D6DE155}
		{B90955D5-745F-47D7-83BD-FA4F28012973} = {1DF5BFF7-FF41-4454-A58C-43A26D6DE155}
		{166326E8-8F98-47AB-A050-DFC0469451E8} = {1DF5BFF7-FF41-4454-A58C-43A26D6DE155}
		{9B71EBB6-0A77-465F-8D30-F5B921978D27} = {1DF5BFF7-FF41-4454-A58C-43A26D6DE155}
		{B6909D1D-5D1A-4DC2-826E-E7C6A922199F} = {1DF5BFF7-FF41-4454-A58C-43A26D6DE155}
		{65B975C8-EA96-419D-B549-44314AA6A27F} = {1DF5BFF7-FF41-4454-A58C-43A26D6DE155}
	EndGlobalSection
	GlobalSection(SolutionConfigurationPlatforms) = preSolution
		Debug|Any CPU = Debug|Any CPU
		Release|Any CPU = Release|Any CPU
	EndGlobalSection
	GlobalSection(ProjectConfigurationPlatforms) = postSolution
		{235EFCD2-DCD2-4C2A-8054-F3FC5DCE19C4}.Debug|Any CPU.ActiveCfg = Debug|Any CPU
		{235EFCD2-DCD2-4C2A-8054-F3FC5DCE19C4}.Debug|Any CPU.Build.0 = Debug|Any CPU
		{235EFCD2-DCD2-4C2A-8054-F3FC5DCE19C4}.Release|Any CPU.ActiveCfg = Release|Any CPU
		{235EFCD2-DCD2-4C2A-8054-F3FC5DCE19C4}.Release|Any CPU.Build.0 = Release|Any CPU
		{EE3CCD1A-F376-4014-B8AF-EB474E153FF9}.Debug|Any CPU.ActiveCfg = Debug|Any CPU
		{EE3CCD1A-F376-4014-B8AF-EB474E153FF9}.Debug|Any CPU.Build.0 = Debug|Any CPU
		{EE3CCD1A-F376-4014-B8AF-EB474E153FF9}.Release|Any CPU.ActiveCfg = Release|Any CPU
		{EE3CCD1A-F376-4014-B8AF-EB474E153FF9}.Release|Any CPU.Build.0 = Release|Any CPU
		{2358CCDC-6495-4ACB-833B-5733EB8C2170}.Debug|Any CPU.ActiveCfg = Debug|Any CPU
		{2358CCDC-6495-4ACB-833B-5733EB8C2170}.Debug|Any CPU.Build.0 = Debug|Any CPU
		{2358CCDC-6495-4ACB-833B-5733EB8C2170}.Release|Any CPU.ActiveCfg = Release|Any CPU
		{2358CCDC-6495-4ACB-833B-5733EB8C2170}.Release|Any CPU.Build.0 = Release|Any CPU
		{7DA89F2B-3FA0-499D-B0D8-F2C618CFE4C7}.Debug|Any CPU.ActiveCfg = Debug|Any CPU
		{7DA89F2B-3FA0-499D-B0D8-F2C618CFE4C7}.Debug|Any CPU.Build.0 = Debug|Any CPU
		{7DA89F2B-3FA0-499D-B0D8-F2C618CFE4C7}.Release|Any CPU.ActiveCfg = Release|Any CPU
		{7DA89F2B-3FA0-499D-B0D8-F2C618CFE4C7}.Release|Any CPU.Build.0 = Release|Any CPU
		{7D805398-9814-4703-B2F1-AFF6C87C78D1}.Debug|Any CPU.ActiveCfg = Debug|Any CPU
		{7D805398-9814-4703-B2F1-AFF6C87C78D1}.Debug|Any CPU.Build.0 = Debug|Any CPU
		{7D805398-9814-4703-B2F1-AFF6C87C78D1}.Release|Any CPU.ActiveCfg = Release|Any CPU
		{7D805398-9814-4703-B2F1-AFF6C87C78D1}.Release|Any CPU.Build.0 = Release|Any CPU
		{E9978C2B-4419-4B43-8AC3-11F1B2D48022}.Debug|Any CPU.ActiveCfg = Debug|Any CPU
		{E9978C2B-4419-4B43-8AC3-11F1B2D48022}.Debug|Any CPU.Build.0 = Debug|Any CPU
		{E9978C2B-4419-4B43-8AC3-11F1B2D48022}.Release|Any CPU.ActiveCfg = Release|Any CPU
		{E9978C2B-4419-4B43-8AC3-11F1B2D48022}.Release|Any CPU.Build.0 = Release|Any CPU
		{0CD390A9-8EEE-4ED2-A195-6A2248DD9F50}.Debug|Any CPU.ActiveCfg = Debug|Any CPU
		{0CD390A9-8EEE-4ED2-A195-6A2248DD9F50}.Debug|Any CPU.Build.0 = Debug|Any CPU
		{0CD390A9-8EEE-4ED2-A195-6A2248DD9F50}.Release|Any CPU.ActiveCfg = Release|Any CPU
		{0CD390A9-8EEE-4ED2-A195-6A2248DD9F50}.Release|Any CPU.Build.0 = Release|Any CPU
		{574DE7BF-15D3-46C7-BA90-7DAF8BE3521C}.Debug|Any CPU.ActiveCfg = Debug|Any CPU
		{574DE7BF-15D3-46C7-BA90-7DAF8BE3521C}.Debug|Any CPU.Build.0 = Debug|Any CPU
		{574DE7BF-15D3-46C7-BA90-7DAF8BE3521C}.Release|Any CPU.ActiveCfg = Release|Any CPU
		{574DE7BF-15D3-46C7-BA90-7DAF8BE3521C}.Release|Any CPU.Build.0 = Release|Any CPU
		{FA5E53F9-7D7D-4D6B-BCB6-9BE42AEA14A0}.Debug|Any CPU.ActiveCfg = Debug|Any CPU
		{FA5E53F9-7D7D-4D6B-BCB6-9BE42AEA14A0}.Debug|Any CPU.Build.0 = Debug|Any CPU
		{FA5E53F9-7D7D-4D6B-BCB6-9BE42AEA14A0}.Release|Any CPU.ActiveCfg = Release|Any CPU
		{FA5E53F9-7D7D-4D6B-BCB6-9BE42AEA14A0}.Release|Any CPU.Build.0 = Release|Any CPU
		{D4A980B3-1365-46A3-A501-D3DEEC86C451}.Debug|Any CPU.ActiveCfg = Debug|Any CPU
		{D4A980B3-1365-46A3-A501-D3DEEC86C451}.Debug|Any CPU.Build.0 = Debug|Any CPU
		{D4A980B3-1365-46A3-A501-D3DEEC86C451}.Release|Any CPU.ActiveCfg = Release|Any CPU
		{D4A980B3-1365-46A3-A501-D3DEEC86C451}.Release|Any CPU.Build.0 = Release|Any CPU
		{C2DB511F-04CE-42D8-B4B9-AF4B7D6ABFAB}.Debug|Any CPU.ActiveCfg = Debug|Any CPU
		{C2DB511F-04CE-42D8-B4B9-AF4B7D6ABFAB}.Debug|Any CPU.Build.0 = Debug|Any CPU
		{C2DB511F-04CE-42D8-B4B9-AF4B7D6ABFAB}.Release|Any CPU.ActiveCfg = Release|Any CPU
		{C2DB511F-04CE-42D8-B4B9-AF4B7D6ABFAB}.Release|Any CPU.Build.0 = Release|Any CPU
		{CD063CFC-973F-4F01-953E-77CB8ABC5161}.Debug|Any CPU.ActiveCfg = Debug|Any CPU
		{CD063CFC-973F-4F01-953E-77CB8ABC5161}.Debug|Any CPU.Build.0 = Debug|Any CPU
		{CD063CFC-973F-4F01-953E-77CB8ABC5161}.Release|Any CPU.ActiveCfg = Release|Any CPU
		{CD063CFC-973F-4F01-953E-77CB8ABC5161}.Release|Any CPU.Build.0 = Release|Any CPU
		{43886522-9FDD-4C7C-8780-5131761EDF99}.Debug|Any CPU.ActiveCfg = Debug|Any CPU
		{43886522-9FDD-4C7C-8780-5131761EDF99}.Debug|Any CPU.Build.0 = Debug|Any CPU
		{43886522-9FDD-4C7C-8780-5131761EDF99}.Release|Any CPU.ActiveCfg = Release|Any CPU
		{43886522-9FDD-4C7C-8780-5131761EDF99}.Release|Any CPU.Build.0 = Release|Any CPU
		{E1955B2D-6127-48BC-A866-F3C1662869A7}.Debug|Any CPU.ActiveCfg = Debug|Any CPU
		{E1955B2D-6127-48BC-A866-F3C1662869A7}.Debug|Any CPU.Build.0 = Debug|Any CPU
		{E1955B2D-6127-48BC-A866-F3C1662869A7}.Release|Any CPU.ActiveCfg = Release|Any CPU
		{E1955B2D-6127-48BC-A866-F3C1662869A7}.Release|Any CPU.Build.0 = Release|Any CPU
		{DAB34E4E-DCF3-4F9F-9041-04B1C737A7CE}.Debug|Any CPU.ActiveCfg = Debug|Any CPU
		{DAB34E4E-DCF3-4F9F-9041-04B1C737A7CE}.Debug|Any CPU.Build.0 = Debug|Any CPU
		{DAB34E4E-DCF3-4F9F-9041-04B1C737A7CE}.Release|Any CPU.ActiveCfg = Release|Any CPU
		{DAB34E4E-DCF3-4F9F-9041-04B1C737A7CE}.Release|Any CPU.Build.0 = Release|Any CPU
		{7D3CC362-3405-495F-85FE-2DD8DE763A30}.Debug|Any CPU.ActiveCfg = Debug|Any CPU
		{7D3CC362-3405-495F-85FE-2DD8DE763A30}.Debug|Any CPU.Build.0 = Debug|Any CPU
		{7D3CC362-3405-495F-85FE-2DD8DE763A30}.Release|Any CPU.ActiveCfg = Release|Any CPU
		{7D3CC362-3405-495F-85FE-2DD8DE763A30}.Release|Any CPU.Build.0 = Release|Any CPU
		{A1D22BD7-4FF9-416F-B243-853D4B1D8FC2}.Debug|Any CPU.ActiveCfg = Debug|Any CPU
		{A1D22BD7-4FF9-416F-B243-853D4B1D8FC2}.Debug|Any CPU.Build.0 = Debug|Any CPU
		{A1D22BD7-4FF9-416F-B243-853D4B1D8FC2}.Release|Any CPU.ActiveCfg = Release|Any CPU
		{A1D22BD7-4FF9-416F-B243-853D4B1D8FC2}.Release|Any CPU.Build.0 = Release|Any CPU
		{9F2F9FA6-7732-405A-A819-4DCC3CFBCD78}.Debug|Any CPU.ActiveCfg = Debug|Any CPU
		{9F2F9FA6-7732-405A-A819-4DCC3CFBCD78}.Debug|Any CPU.Build.0 = Debug|Any CPU
		{9F2F9FA6-7732-405A-A819-4DCC3CFBCD78}.Release|Any CPU.ActiveCfg = Release|Any CPU
		{9F2F9FA6-7732-405A-A819-4DCC3CFBCD78}.Release|Any CPU.Build.0 = Release|Any CPU
		{906773B7-F287-4CD9-B50B-444CDC018A42}.Debug|Any CPU.ActiveCfg = Debug|Any CPU
		{906773B7-F287-4CD9-B50B-444CDC018A42}.Debug|Any CPU.Build.0 = Debug|Any CPU
		{906773B7-F287-4CD9-B50B-444CDC018A42}.Release|Any CPU.ActiveCfg = Release|Any CPU
		{906773B7-F287-4CD9-B50B-444CDC018A42}.Release|Any CPU.Build.0 = Release|Any CPU
		{0B96C4A2-2767-405D-B63D-6770ED97B392}.Debug|Any CPU.ActiveCfg = Debug|Any CPU
		{0B96C4A2-2767-405D-B63D-6770ED97B392}.Debug|Any CPU.Build.0 = Debug|Any CPU
		{0B96C4A2-2767-405D-B63D-6770ED97B392}.Release|Any CPU.ActiveCfg = Release|Any CPU
		{0B96C4A2-2767-405D-B63D-6770ED97B392}.Release|Any CPU.Build.0 = Release|Any CPU
		{DB954496-4593-4AD4-ACF3-CBCB69B58AE3}.Debug|Any CPU.ActiveCfg = Debug|Any CPU
		{DB954496-4593-4AD4-ACF3-CBCB69B58AE3}.Debug|Any CPU.Build.0 = Debug|Any CPU
		{DB954496-4593-4AD4-ACF3-CBCB69B58AE3}.Release|Any CPU.ActiveCfg = Release|Any CPU
		{DB954496-4593-4AD4-ACF3-CBCB69B58AE3}.Release|Any CPU.Build.0 = Release|Any CPU
		{45E93006-EFFA-4A7C-8280-A0E79BDC5F3A}.Debug|Any CPU.ActiveCfg = Debug|Any CPU
		{45E93006-EFFA-4A7C-8280-A0E79BDC5F3A}.Debug|Any CPU.Build.0 = Debug|Any CPU
		{45E93006-EFFA-4A7C-8280-A0E79BDC5F3A}.Release|Any CPU.ActiveCfg = Release|Any CPU
		{45E93006-EFFA-4A7C-8280-A0E79BDC5F3A}.Release|Any CPU.Build.0 = Release|Any CPU
		{D1FF5582-5123-4DB8-9233-21F905BCB45F}.Debug|Any CPU.ActiveCfg = Debug|Any CPU
		{D1FF5582-5123-4DB8-9233-21F905BCB45F}.Debug|Any CPU.Build.0 = Debug|Any CPU
		{D1FF5582-5123-4DB8-9233-21F905BCB45F}.Release|Any CPU.ActiveCfg = Release|Any CPU
		{D1FF5582-5123-4DB8-9233-21F905BCB45F}.Release|Any CPU.Build.0 = Release|Any CPU
		{43F8AEB1-A52E-474B-A7B9-232EBE6B141C}.Debug|Any CPU.ActiveCfg = Debug|Any CPU
		{43F8AEB1-A52E-474B-A7B9-232EBE6B141C}.Debug|Any CPU.Build.0 = Debug|Any CPU
		{43F8AEB1-A52E-474B-A7B9-232EBE6B141C}.Release|Any CPU.ActiveCfg = Release|Any CPU
		{43F8AEB1-A52E-474B-A7B9-232EBE6B141C}.Release|Any CPU.Build.0 = Release|Any CPU
		{C6E2519E-0ED2-48B8-BB81-D3E067C1DF48}.Debug|Any CPU.ActiveCfg = Debug|Any CPU
		{C6E2519E-0ED2-48B8-BB81-D3E067C1DF48}.Debug|Any CPU.Build.0 = Debug|Any CPU
		{C6E2519E-0ED2-48B8-BB81-D3E067C1DF48}.Release|Any CPU.ActiveCfg = Release|Any CPU
		{C6E2519E-0ED2-48B8-BB81-D3E067C1DF48}.Release|Any CPU.Build.0 = Release|Any CPU
		{7C93531B-215E-4067-BF11-C50E463B963B}.Debug|Any CPU.ActiveCfg = Debug|Any CPU
		{7C93531B-215E-4067-BF11-C50E463B963B}.Debug|Any CPU.Build.0 = Debug|Any CPU
		{7C93531B-215E-4067-BF11-C50E463B963B}.Release|Any CPU.ActiveCfg = Release|Any CPU
		{7C93531B-215E-4067-BF11-C50E463B963B}.Release|Any CPU.Build.0 = Release|Any CPU
		{FFDE7145-2137-42F7-B0BE-86A25BFC0408}.Debug|Any CPU.ActiveCfg = Debug|Any CPU
		{FFDE7145-2137-42F7-B0BE-86A25BFC0408}.Debug|Any CPU.Build.0 = Debug|Any CPU
		{FFDE7145-2137-42F7-B0BE-86A25BFC0408}.Release|Any CPU.ActiveCfg = Release|Any CPU
		{FFDE7145-2137-42F7-B0BE-86A25BFC0408}.Release|Any CPU.Build.0 = Release|Any CPU
		{2C6DF548-A103-46CC-8AE4-741426C0397E}.Debug|Any CPU.ActiveCfg = Debug|Any CPU
		{2C6DF548-A103-46CC-8AE4-741426C0397E}.Debug|Any CPU.Build.0 = Debug|Any CPU
		{2C6DF548-A103-46CC-8AE4-741426C0397E}.Release|Any CPU.ActiveCfg = Release|Any CPU
		{2C6DF548-A103-46CC-8AE4-741426C0397E}.Release|Any CPU.Build.0 = Release|Any CPU
		{40EAAC23-C04B-4AAC-95C0-45395DA67B52}.Debug|Any CPU.ActiveCfg = Debug|Any CPU
		{40EAAC23-C04B-4AAC-95C0-45395DA67B52}.Debug|Any CPU.Build.0 = Debug|Any CPU
		{40EAAC23-C04B-4AAC-95C0-45395DA67B52}.Release|Any CPU.ActiveCfg = Release|Any CPU
		{40EAAC23-C04B-4AAC-95C0-45395DA67B52}.Release|Any CPU.Build.0 = Release|Any CPU
		{BBDCFAFC-D31B-4832-9882-B7B85AE7A84B}.Debug|Any CPU.ActiveCfg = Debug|Any CPU
		{BBDCFAFC-D31B-4832-9882-B7B85AE7A84B}.Debug|Any CPU.Build.0 = Debug|Any CPU
		{BBDCFAFC-D31B-4832-9882-B7B85AE7A84B}.Release|Any CPU.ActiveCfg = Release|Any CPU
		{BBDCFAFC-D31B-4832-9882-B7B85AE7A84B}.Release|Any CPU.Build.0 = Release|Any CPU
		{C8A124A5-140C-41BB-9CF4-2CB78857D725}.Debug|Any CPU.ActiveCfg = Debug|Any CPU
		{C8A124A5-140C-41BB-9CF4-2CB78857D725}.Debug|Any CPU.Build.0 = Debug|Any CPU
		{C8A124A5-140C-41BB-9CF4-2CB78857D725}.Release|Any CPU.ActiveCfg = Release|Any CPU
		{C8A124A5-140C-41BB-9CF4-2CB78857D725}.Release|Any CPU.Build.0 = Release|Any CPU
		{4A199A00-226D-41CF-A75F-372AE3D55C66}.Debug|Any CPU.ActiveCfg = Debug|Any CPU
		{4A199A00-226D-41CF-A75F-372AE3D55C66}.Debug|Any CPU.Build.0 = Debug|Any CPU
		{4A199A00-226D-41CF-A75F-372AE3D55C66}.Release|Any CPU.ActiveCfg = Release|Any CPU
		{4A199A00-226D-41CF-A75F-372AE3D55C66}.Release|Any CPU.Build.0 = Release|Any CPU
		{611ECF87-809E-4681-A5CD-8BC25D621ACC}.Debug|Any CPU.ActiveCfg = Debug|Any CPU
		{611ECF87-809E-4681-A5CD-8BC25D621ACC}.Debug|Any CPU.Build.0 = Debug|Any CPU
		{611ECF87-809E-4681-A5CD-8BC25D621ACC}.Release|Any CPU.ActiveCfg = Release|Any CPU
		{611ECF87-809E-4681-A5CD-8BC25D621ACC}.Release|Any CPU.Build.0 = Release|Any CPU
		{780F2E98-912A-4BE9-AC3D-EE6432A3E9CB}.Debug|Any CPU.ActiveCfg = Debug|Any CPU
		{780F2E98-912A-4BE9-AC3D-EE6432A3E9CB}.Debug|Any CPU.Build.0 = Debug|Any CPU
		{780F2E98-912A-4BE9-AC3D-EE6432A3E9CB}.Release|Any CPU.ActiveCfg = Release|Any CPU
		{780F2E98-912A-4BE9-AC3D-EE6432A3E9CB}.Release|Any CPU.Build.0 = Release|Any CPU
		{35E389FA-7026-4C00-B157-86A89E93228B}.Debug|Any CPU.ActiveCfg = Debug|Any CPU
		{35E389FA-7026-4C00-B157-86A89E93228B}.Debug|Any CPU.Build.0 = Debug|Any CPU
		{35E389FA-7026-4C00-B157-86A89E93228B}.Release|Any CPU.ActiveCfg = Release|Any CPU
		{35E389FA-7026-4C00-B157-86A89E93228B}.Release|Any CPU.Build.0 = Release|Any CPU
		{BB6E4157-09B0-475A-B9E3-1320DD548E51}.Debug|Any CPU.ActiveCfg = Debug|Any CPU
		{BB6E4157-09B0-475A-B9E3-1320DD548E51}.Debug|Any CPU.Build.0 = Debug|Any CPU
		{BB6E4157-09B0-475A-B9E3-1320DD548E51}.Release|Any CPU.ActiveCfg = Release|Any CPU
		{BB6E4157-09B0-475A-B9E3-1320DD548E51}.Release|Any CPU.Build.0 = Release|Any CPU
		{AB895B29-01F8-4830-9E6C-B76E17908048}.Debug|Any CPU.ActiveCfg = Debug|Any CPU
		{AB895B29-01F8-4830-9E6C-B76E17908048}.Debug|Any CPU.Build.0 = Debug|Any CPU
		{AB895B29-01F8-4830-9E6C-B76E17908048}.Release|Any CPU.ActiveCfg = Release|Any CPU
		{AB895B29-01F8-4830-9E6C-B76E17908048}.Release|Any CPU.Build.0 = Release|Any CPU
		{F92CAA70-F7D2-4C8E-8868-1809AD0D5CD1}.Debug|Any CPU.ActiveCfg = Debug|Any CPU
		{F92CAA70-F7D2-4C8E-8868-1809AD0D5CD1}.Debug|Any CPU.Build.0 = Debug|Any CPU
		{F92CAA70-F7D2-4C8E-8868-1809AD0D5CD1}.Release|Any CPU.ActiveCfg = Release|Any CPU
		{F92CAA70-F7D2-4C8E-8868-1809AD0D5CD1}.Release|Any CPU.Build.0 = Release|Any CPU
		{741CB0FC-C9A4-4253-A772-5D5764CFED9F}.Debug|Any CPU.ActiveCfg = Debug|Any CPU
		{741CB0FC-C9A4-4253-A772-5D5764CFED9F}.Debug|Any CPU.Build.0 = Debug|Any CPU
		{741CB0FC-C9A4-4253-A772-5D5764CFED9F}.Release|Any CPU.ActiveCfg = Release|Any CPU
		{741CB0FC-C9A4-4253-A772-5D5764CFED9F}.Release|Any CPU.Build.0 = Release|Any CPU
		{3668722E-9657-4769-8965-24E14E23D0D3}.Debug|Any CPU.ActiveCfg = Debug|Any CPU
		{3668722E-9657-4769-8965-24E14E23D0D3}.Debug|Any CPU.Build.0 = Debug|Any CPU
		{3668722E-9657-4769-8965-24E14E23D0D3}.Release|Any CPU.ActiveCfg = Release|Any CPU
		{3668722E-9657-4769-8965-24E14E23D0D3}.Release|Any CPU.Build.0 = Release|Any CPU
		{15BFD136-0207-47F4-BED1-432CFEFF4356}.Debug|Any CPU.ActiveCfg = Debug|Any CPU
		{15BFD136-0207-47F4-BED1-432CFEFF4356}.Debug|Any CPU.Build.0 = Debug|Any CPU
		{15BFD136-0207-47F4-BED1-432CFEFF4356}.Release|Any CPU.ActiveCfg = Release|Any CPU
		{15BFD136-0207-47F4-BED1-432CFEFF4356}.Release|Any CPU.Build.0 = Release|Any CPU
		{E8FB31B4-0643-43F2-AE18-9626B70B2E4C}.Debug|Any CPU.ActiveCfg = Debug|Any CPU
		{E8FB31B4-0643-43F2-AE18-9626B70B2E4C}.Debug|Any CPU.Build.0 = Debug|Any CPU
		{E8FB31B4-0643-43F2-AE18-9626B70B2E4C}.Release|Any CPU.ActiveCfg = Release|Any CPU
		{E8FB31B4-0643-43F2-AE18-9626B70B2E4C}.Release|Any CPU.Build.0 = Release|Any CPU
		{05802A48-12C8-43B4-AF3B-C3C16BF0E494}.Debug|Any CPU.ActiveCfg = Debug|Any CPU
		{05802A48-12C8-43B4-AF3B-C3C16BF0E494}.Debug|Any CPU.Build.0 = Debug|Any CPU
		{05802A48-12C8-43B4-AF3B-C3C16BF0E494}.Release|Any CPU.ActiveCfg = Release|Any CPU
		{05802A48-12C8-43B4-AF3B-C3C16BF0E494}.Release|Any CPU.Build.0 = Release|Any CPU
		{0FE8987B-A074-4333-B7F2-19D9C1BC44D7}.Debug|Any CPU.ActiveCfg = Debug|Any CPU
		{0FE8987B-A074-4333-B7F2-19D9C1BC44D7}.Debug|Any CPU.Build.0 = Debug|Any CPU
		{0FE8987B-A074-4333-B7F2-19D9C1BC44D7}.Release|Any CPU.ActiveCfg = Release|Any CPU
		{0FE8987B-A074-4333-B7F2-19D9C1BC44D7}.Release|Any CPU.Build.0 = Release|Any CPU
		{C3458801-C09A-4E0E-8193-2970565504D0}.Debug|Any CPU.ActiveCfg = Debug|Any CPU
		{C3458801-C09A-4E0E-8193-2970565504D0}.Debug|Any CPU.Build.0 = Debug|Any CPU
		{C3458801-C09A-4E0E-8193-2970565504D0}.Release|Any CPU.ActiveCfg = Release|Any CPU
		{C3458801-C09A-4E0E-8193-2970565504D0}.Release|Any CPU.Build.0 = Release|Any CPU
		{32E830F7-E6B6-4EBE-8D64-A0D799E9BF4A}.Debug|Any CPU.ActiveCfg = Debug|Any CPU
		{32E830F7-E6B6-4EBE-8D64-A0D799E9BF4A}.Debug|Any CPU.Build.0 = Debug|Any CPU
		{32E830F7-E6B6-4EBE-8D64-A0D799E9BF4A}.Release|Any CPU.ActiveCfg = Release|Any CPU
		{32E830F7-E6B6-4EBE-8D64-A0D799E9BF4A}.Release|Any CPU.Build.0 = Release|Any CPU
		{33D5AB7C-89FF-4091-8457-BC408860E9A8}.Debug|Any CPU.ActiveCfg = Debug|Any CPU
		{33D5AB7C-89FF-4091-8457-BC408860E9A8}.Debug|Any CPU.Build.0 = Debug|Any CPU
		{33D5AB7C-89FF-4091-8457-BC408860E9A8}.Release|Any CPU.ActiveCfg = Release|Any CPU
		{33D5AB7C-89FF-4091-8457-BC408860E9A8}.Release|Any CPU.Build.0 = Release|Any CPU
		{062E63D9-DF77-406F-962C-7C2D0FD222F2}.Debug|Any CPU.ActiveCfg = Debug|Any CPU
		{062E63D9-DF77-406F-962C-7C2D0FD222F2}.Debug|Any CPU.Build.0 = Debug|Any CPU
		{062E63D9-DF77-406F-962C-7C2D0FD222F2}.Release|Any CPU.ActiveCfg = Release|Any CPU
		{062E63D9-DF77-406F-962C-7C2D0FD222F2}.Release|Any CPU.Build.0 = Release|Any CPU
		{AD54D006-BB27-42B2-A4AA-B50A0F4E7F49}.Debug|Any CPU.ActiveCfg = Debug|Any CPU
		{AD54D006-BB27-42B2-A4AA-B50A0F4E7F49}.Debug|Any CPU.Build.0 = Debug|Any CPU
		{AD54D006-BB27-42B2-A4AA-B50A0F4E7F49}.Release|Any CPU.ActiveCfg = Release|Any CPU
		{AD54D006-BB27-42B2-A4AA-B50A0F4E7F49}.Release|Any CPU.Build.0 = Release|Any CPU
		{9D1A35DF-12AE-40B0-B8F7-91C5023D6BEA}.Debug|Any CPU.ActiveCfg = Debug|Any CPU
		{9D1A35DF-12AE-40B0-B8F7-91C5023D6BEA}.Debug|Any CPU.Build.0 = Debug|Any CPU
		{9D1A35DF-12AE-40B0-B8F7-91C5023D6BEA}.Release|Any CPU.ActiveCfg = Release|Any CPU
		{9D1A35DF-12AE-40B0-B8F7-91C5023D6BEA}.Release|Any CPU.Build.0 = Release|Any CPU
		{B90955D5-745F-47D7-83BD-FA4F28012973}.Debug|Any CPU.ActiveCfg = Debug|Any CPU
		{B90955D5-745F-47D7-83BD-FA4F28012973}.Debug|Any CPU.Build.0 = Debug|Any CPU
		{B90955D5-745F-47D7-83BD-FA4F28012973}.Release|Any CPU.ActiveCfg = Release|Any CPU
		{B90955D5-745F-47D7-83BD-FA4F28012973}.Release|Any CPU.Build.0 = Release|Any CPU
		{166326E8-8F98-47AB-A050-DFC0469451E8}.Debug|Any CPU.ActiveCfg = Debug|Any CPU
		{166326E8-8F98-47AB-A050-DFC0469451E8}.Debug|Any CPU.Build.0 = Debug|Any CPU
		{166326E8-8F98-47AB-A050-DFC0469451E8}.Release|Any CPU.ActiveCfg = Release|Any CPU
		{166326E8-8F98-47AB-A050-DFC0469451E8}.Release|Any CPU.Build.0 = Release|Any CPU
		{9B71EBB6-0A77-465F-8D30-F5B921978D27}.Debug|Any CPU.ActiveCfg = Debug|Any CPU
		{9B71EBB6-0A77-465F-8D30-F5B921978D27}.Debug|Any CPU.Build.0 = Debug|Any CPU
		{9B71EBB6-0A77-465F-8D30-F5B921978D27}.Release|Any CPU.ActiveCfg = Release|Any CPU
		{9B71EBB6-0A77-465F-8D30-F5B921978D27}.Release|Any CPU.Build.0 = Release|Any CPU
		{B6909D1D-5D1A-4DC2-826E-E7C6A922199F}.Debug|Any CPU.ActiveCfg = Debug|Any CPU
		{B6909D1D-5D1A-4DC2-826E-E7C6A922199F}.Debug|Any CPU.Build.0 = Debug|Any CPU
		{B6909D1D-5D1A-4DC2-826E-E7C6A922199F}.Release|Any CPU.ActiveCfg = Release|Any CPU
		{B6909D1D-5D1A-4DC2-826E-E7C6A922199F}.Release|Any CPU.Build.0 = Release|Any CPU
		{65B975C8-EA96-419D-B549-44314AA6A27F}.Debug|Any CPU.ActiveCfg = Debug|Any CPU
		{65B975C8-EA96-419D-B549-44314AA6A27F}.Debug|Any CPU.Build.0 = Debug|Any CPU
		{65B975C8-EA96-419D-B549-44314AA6A27F}.Release|Any CPU.ActiveCfg = Release|Any CPU
		{65B975C8-EA96-419D-B549-44314AA6A27F}.Release|Any CPU.Build.0 = Release|Any CPU
	EndGlobalSection
	GlobalSection(SolutionProperties) = preSolution
		HideSolutionNode = FALSE
	EndGlobalSection
	GlobalSection(ExtensibilityGlobals) = postSolution
		SolutionGuid = {0BE7925F-3F58-4279-83CB-F18066A42AA9}
	EndGlobalSection
EndGlobal
